// !$*UTF8*$!
{
	archiveVersion = 1;
	classes = {
	};
	objectVersion = 77;
	objects = {

/* Begin PBXBuildFile section */
		A9C265DA2E40B11D00C987E5 /* Secrets.xcconfig in Resources */ = {isa = PBXBuildFile; fileRef = A9C265D92E40B11D00C987E5 /* Secrets.xcconfig */; };
		A9C265DB2E40B12500C987E5 /* Secrets.xcconfig in Resources */ = {isa = PBXBuildFile; fileRef = A9C265D92E40B11D00C987E5 /* Secrets.xcconfig */; };
		A9E84AC82E5CC21400216220 /* WidgetKit.framework in Frameworks */ = {isa = PBXBuildFile; fileRef = A9E84AC72E5CC21400216220 /* WidgetKit.framework */; };
		A9E84ACA2E5CC21400216220 /* SwiftUI.framework in Frameworks */ = {isa = PBXBuildFile; fileRef = A9E84AC92E5CC21400216220 /* SwiftUI.framework */; };
		A9E84AD72E5CC21500216220 /* CoinWidgetExtension.appex in Embed Foundation Extensions */ = {isa = PBXBuildFile; fileRef = A9E84AC62E5CC21400216220 /* CoinWidgetExtension.appex */; settings = {ATTRIBUTES = (RemoveHeadersOnCopy, ); }; };
		A9F6C9F22E4465FE005D88E2 /* AsyncAlgorithms in Frameworks */ = {isa = PBXBuildFile; productRef = A9F6C9F12E4465FE005D88E2 /* AsyncAlgorithms */; };
		B75CFBAD2E45D42C0055632C /* AdServices.framework in Frameworks */ = {isa = PBXBuildFile; fileRef = B75CFBAC2E45D42C0055632C /* AdServices.framework */; };
		B75D1B1E2E4597FC006839B5 /* FirebaseAnalytics in Frameworks */ = {isa = PBXBuildFile; productRef = B75D1B1D2E4597FC006839B5 /* FirebaseAnalytics */; };
		B75D1B202E459806006839B5 /* FirebaseCrashlytics in Frameworks */ = {isa = PBXBuildFile; productRef = B75D1B1F2E459806006839B5 /* FirebaseCrashlytics */; };
		B75D1B222E459ADB006839B5 /* AdSupport.framework in Frameworks */ = {isa = PBXBuildFile; fileRef = B75D1B212E459ADB006839B5 /* AdSupport.framework */; };
/* End PBXBuildFile section */

/* Begin PBXContainerItemProxy section */
		A9E84AD52E5CC21500216220 /* PBXContainerItemProxy */ = {
			isa = PBXContainerItemProxy;
			containerPortal = B7B03FFB2E387FCF005DE0BA /* Project object */;
			proxyType = 1;
			remoteGlobalIDString = A9E84AC52E5CC21400216220;
			remoteInfo = CoinWidgetExtension;
		};
		B7B040162E387FD1005DE0BA /* PBXContainerItemProxy */ = {
			isa = PBXContainerItemProxy;
			containerPortal = B7B03FFB2E387FCF005DE0BA /* Project object */;
			proxyType = 1;
			remoteGlobalIDString = B7B040022E387FCF005DE0BA;
			remoteInfo = AIProject;
		};
/* End PBXContainerItemProxy section */

/* Begin PBXCopyFilesBuildPhase section */
		A9E84AD82E5CC21500216220 /* Embed Foundation Extensions */ = {
			isa = PBXCopyFilesBuildPhase;
			buildActionMask = 2147483647;
			dstPath = "";
			dstSubfolderSpec = 13;
			files = (
				A9E84AD72E5CC21500216220 /* CoinWidgetExtension.appex in Embed Foundation Extensions */,
			);
			name = "Embed Foundation Extensions";
			runOnlyForDeploymentPostprocessing = 0;
		};
/* End PBXCopyFilesBuildPhase section */

/* Begin PBXFileReference section */
		4E50EAE62E64B18E005AE3BB /* AIProject.xctestplan */ = {isa = PBXFileReference; lastKnownFileType = text; path = AIProject.xctestplan; sourceTree = "<group>"; };
		A9C265D92E40B11D00C987E5 /* Secrets.xcconfig */ = {isa = PBXFileReference; lastKnownFileType = text.xcconfig; path = Secrets.xcconfig; sourceTree = "<group>"; };
		A9E84AC62E5CC21400216220 /* CoinWidgetExtension.appex */ = {isa = PBXFileReference; explicitFileType = "wrapper.app-extension"; includeInIndex = 0; path = CoinWidgetExtension.appex; sourceTree = BUILT_PRODUCTS_DIR; };
		A9E84AC72E5CC21400216220 /* WidgetKit.framework */ = {isa = PBXFileReference; lastKnownFileType = wrapper.framework; name = WidgetKit.framework; path = System/Library/Frameworks/WidgetKit.framework; sourceTree = SDKROOT; };
		A9E84AC92E5CC21400216220 /* SwiftUI.framework */ = {isa = PBXFileReference; lastKnownFileType = wrapper.framework; name = SwiftUI.framework; path = System/Library/Frameworks/SwiftUI.framework; sourceTree = SDKROOT; };
		A9E84ADE2E5CC26400216220 /* CoinWidgetExtension.entitlements */ = {isa = PBXFileReference; lastKnownFileType = text.plist.entitlements; path = CoinWidgetExtension.entitlements; sourceTree = "<group>"; };
		B75CFBAC2E45D42C0055632C /* AdServices.framework */ = {isa = PBXFileReference; lastKnownFileType = wrapper.framework; name = AdServices.framework; path = System/Library/Frameworks/AdServices.framework; sourceTree = SDKROOT; };
		B75D1B212E459ADB006839B5 /* AdSupport.framework */ = {isa = PBXFileReference; lastKnownFileType = wrapper.framework; name = AdSupport.framework; path = System/Library/Frameworks/AdSupport.framework; sourceTree = SDKROOT; };
		B7B040032E387FCF005DE0BA /* AIProject.app */ = {isa = PBXFileReference; explicitFileType = wrapper.application; includeInIndex = 0; path = AIProject.app; sourceTree = BUILT_PRODUCTS_DIR; };
		B7B040152E387FD1005DE0BA /* AIProjectTests.xctest */ = {isa = PBXFileReference; explicitFileType = wrapper.cfbundle; includeInIndex = 0; path = AIProjectTests.xctest; sourceTree = BUILT_PRODUCTS_DIR; };
/* End PBXFileReference section */

/* Begin PBXFileSystemSynchronizedBuildFileExceptionSet section */
		A98DE7E02E3C8C4F003F2F4F /* Exceptions for "AIProject" folder in "AIProject" target */ = {
			isa = PBXFileSystemSynchronizedBuildFileExceptionSet;
			membershipExceptions = (
				App/Resource/Info.plist,
			);
			target = B7B040022E387FCF005DE0BA /* AIProject */;
		};
		A9E81AC42E52FACE00216220 /* Exceptions for "AIProject" folder in "AIProjectTests" target */ = {
			isa = PBXFileSystemSynchronizedBuildFileExceptionSet;
			membershipExceptions = (
				"Data/DB/CoinImage/CoinImageEntity+CoreDataClass.swift",
				"Data/DB/CoinImage/CoinImageEntity+CoreDataProperties.swift",
			);
			target = B7B040142E387FD1005DE0BA /* AIProjectTests */;
		};
		A9E84ADC2E5CC21500216220 /* Exceptions for "CoinWidget" folder in "CoinWidgetExtension" target */ = {
			isa = PBXFileSystemSynchronizedBuildFileExceptionSet;
			membershipExceptions = (
				Info.plist,
			);
			target = A9E84AC52E5CC21400216220 /* CoinWidgetExtension */;
		};
		A9E84AE22E5CC3E900216220 /* Exceptions for "CoinWidget" folder in "AIProject" target */ = {
			isa = PBXFileSystemSynchronizedBuildFileExceptionSet;
			membershipExceptions = (
				AppGroup.swift,
				WidgetCoinSummary.swift,
			);
			target = B7B040022E387FCF005DE0BA /* AIProject */;
		};
		A9E84AE42E5CC72C00216220 /* Exceptions for "AIProject" folder in "CoinWidgetExtension" target */ = {
			isa = PBXFileSystemSynchronizedBuildFileExceptionSet;
			membershipExceptions = (
				App/Resource/Assets.xcassets,
				"Core/Util/Double+Util.swift",
			);
			target = A9E84AC52E5CC21400216220 /* CoinWidgetExtension */;
		};
/* End PBXFileSystemSynchronizedBuildFileExceptionSet section */

/* Begin PBXFileSystemSynchronizedRootGroup section */
		A9E84ACB2E5CC21400216220 /* CoinWidget */ = {
			isa = PBXFileSystemSynchronizedRootGroup;
			exceptions = (
				A9E84AE22E5CC3E900216220 /* Exceptions for "CoinWidget" folder in "AIProject" target */,
				A9E84ADC2E5CC21500216220 /* Exceptions for "CoinWidget" folder in "CoinWidgetExtension" target */,
			);
			path = CoinWidget;
			sourceTree = "<group>";
		};
		B7B040052E387FCF005DE0BA /* AIProject */ = {
			isa = PBXFileSystemSynchronizedRootGroup;
			exceptions = (
				A98DE7E02E3C8C4F003F2F4F /* Exceptions for "AIProject" folder in "AIProject" target */,
				A9E81AC42E52FACE00216220 /* Exceptions for "AIProject" folder in "AIProjectTests" target */,
				A9E84AE42E5CC72C00216220 /* Exceptions for "AIProject" folder in "CoinWidgetExtension" target */,
			);
			path = AIProject;
			sourceTree = "<group>";
		};
		B7B040182E387FD1005DE0BA /* AIProjectTests */ = {
			isa = PBXFileSystemSynchronizedRootGroup;
			path = AIProjectTests;
			sourceTree = "<group>";
		};
/* End PBXFileSystemSynchronizedRootGroup section */

/* Begin PBXFrameworksBuildPhase section */
		A9E84AC32E5CC21400216220 /* Frameworks */ = {
			isa = PBXFrameworksBuildPhase;
			buildActionMask = 2147483647;
			files = (
				A9E84ACA2E5CC21400216220 /* SwiftUI.framework in Frameworks */,
				A9E84AC82E5CC21400216220 /* WidgetKit.framework in Frameworks */,
			);
			runOnlyForDeploymentPostprocessing = 0;
		};
		B7B040002E387FCF005DE0BA /* Frameworks */ = {
			isa = PBXFrameworksBuildPhase;
			buildActionMask = 2147483647;
			files = (
				B75CFBAD2E45D42C0055632C /* AdServices.framework in Frameworks */,
				B75D1B202E459806006839B5 /* FirebaseCrashlytics in Frameworks */,
				B75D1B222E459ADB006839B5 /* AdSupport.framework in Frameworks */,
				B75D1B1E2E4597FC006839B5 /* FirebaseAnalytics in Frameworks */,
				A9F6C9F22E4465FE005D88E2 /* AsyncAlgorithms in Frameworks */,
			);
			runOnlyForDeploymentPostprocessing = 0;
		};
		B7B040122E387FD1005DE0BA /* Frameworks */ = {
			isa = PBXFrameworksBuildPhase;
			buildActionMask = 2147483647;
			files = (
			);
			runOnlyForDeploymentPostprocessing = 0;
		};
/* End PBXFrameworksBuildPhase section */

/* Begin PBXGroup section */
		B75D1B1C2E4597FC006839B5 /* Frameworks */ = {
			isa = PBXGroup;
			children = (
				B75CFBAC2E45D42C0055632C /* AdServices.framework */,
				B75D1B212E459ADB006839B5 /* AdSupport.framework */,
				A9E84AC72E5CC21400216220 /* WidgetKit.framework */,
				A9E84AC92E5CC21400216220 /* SwiftUI.framework */,
			);
			name = Frameworks;
			sourceTree = "<group>";
		};
		B7B03FFA2E387FCF005DE0BA = {
			isa = PBXGroup;
			children = (
				4E50EAE62E64B18E005AE3BB /* AIProject.xctestplan */,
				A9C265D92E40B11D00C987E5 /* Secrets.xcconfig */,
				B7B040052E387FCF005DE0BA /* AIProject */,
				B7B040182E387FD1005DE0BA /* AIProjectTests */,
				A9E84ADE2E5CC26400216220 /* CoinWidgetExtension.entitlements */,
				A9E84ACB2E5CC21400216220 /* CoinWidget */,
				B75D1B1C2E4597FC006839B5 /* Frameworks */,
				B7B040042E387FCF005DE0BA /* Products */,
			);
			sourceTree = "<group>";
		};
		B7B040042E387FCF005DE0BA /* Products */ = {
			isa = PBXGroup;
			children = (
				B7B040032E387FCF005DE0BA /* AIProject.app */,
				B7B040152E387FD1005DE0BA /* AIProjectTests.xctest */,
				A9E84AC62E5CC21400216220 /* CoinWidgetExtension.appex */,
			);
			name = Products;
			sourceTree = "<group>";
		};
/* End PBXGroup section */

/* Begin PBXNativeTarget section */
		A9E84AC52E5CC21400216220 /* CoinWidgetExtension */ = {
			isa = PBXNativeTarget;
			buildConfigurationList = A9E84ADB2E5CC21500216220 /* Build configuration list for PBXNativeTarget "CoinWidgetExtension" */;
			buildPhases = (
				A9E84AC22E5CC21400216220 /* Sources */,
				A9E84AC32E5CC21400216220 /* Frameworks */,
				A9E84AC42E5CC21400216220 /* Resources */,
			);
			buildRules = (
			);
			dependencies = (
			);
			fileSystemSynchronizedGroups = (
				A9E84ACB2E5CC21400216220 /* CoinWidget */,
			);
			name = CoinWidgetExtension;
			packageProductDependencies = (
			);
			productName = CoinWidgetExtension;
			productReference = A9E84AC62E5CC21400216220 /* CoinWidgetExtension.appex */;
			productType = "com.apple.product-type.app-extension";
		};
		B7B040022E387FCF005DE0BA /* AIProject */ = {
			isa = PBXNativeTarget;
			buildConfigurationList = B7B040292E387FD1005DE0BA /* Build configuration list for PBXNativeTarget "AIProject" */;
			buildPhases = (
				B7B03FFF2E387FCF005DE0BA /* Sources */,
				B7B040002E387FCF005DE0BA /* Frameworks */,
				B7B040012E387FCF005DE0BA /* Resources */,
				B75D1FD22E45C153006839B5 /* ShellScript */,
				A9E84AD82E5CC21500216220 /* Embed Foundation Extensions */,
			);
			buildRules = (
			);
			dependencies = (
				A9E84AD62E5CC21500216220 /* PBXTargetDependency */,
			);
			fileSystemSynchronizedGroups = (
				B7B040052E387FCF005DE0BA /* AIProject */,
			);
			name = AIProject;
			packageProductDependencies = (
				A9F6C9F12E4465FE005D88E2 /* AsyncAlgorithms */,
				B75D1B1D2E4597FC006839B5 /* FirebaseAnalytics */,
				B75D1B1F2E459806006839B5 /* FirebaseCrashlytics */,
			);
			productName = AIProject;
			productReference = B7B040032E387FCF005DE0BA /* AIProject.app */;
			productType = "com.apple.product-type.application";
		};
		B7B040142E387FD1005DE0BA /* AIProjectTests */ = {
			isa = PBXNativeTarget;
			buildConfigurationList = B7B0402C2E387FD1005DE0BA /* Build configuration list for PBXNativeTarget "AIProjectTests" */;
			buildPhases = (
				B7B040112E387FD1005DE0BA /* Sources */,
				B7B040122E387FD1005DE0BA /* Frameworks */,
				B7B040132E387FD1005DE0BA /* Resources */,
			);
			buildRules = (
			);
			dependencies = (
				B7B040172E387FD1005DE0BA /* PBXTargetDependency */,
			);
			fileSystemSynchronizedGroups = (
				B7B040182E387FD1005DE0BA /* AIProjectTests */,
			);
			name = AIProjectTests;
			packageProductDependencies = (
			);
			productName = AIProjectTests;
			productReference = B7B040152E387FD1005DE0BA /* AIProjectTests.xctest */;
			productType = "com.apple.product-type.bundle.unit-test";
		};
/* End PBXNativeTarget section */

/* Begin PBXProject section */
		B7B03FFB2E387FCF005DE0BA /* Project object */ = {
			isa = PBXProject;
			attributes = {
				BuildIndependentTargetsInParallel = 1;
				LastSwiftUpdateCheck = 1630;
				LastUpgradeCheck = 1630;
				TargetAttributes = {
					A9E84AC52E5CC21400216220 = {
						CreatedOnToolsVersion = 16.3;
					};
					B7B040022E387FCF005DE0BA = {
						CreatedOnToolsVersion = 16.3;
					};
					B7B040142E387FD1005DE0BA = {
						CreatedOnToolsVersion = 16.3;
						TestTargetID = B7B040022E387FCF005DE0BA;
					};
				};
			};
			buildConfigurationList = B7B03FFE2E387FCF005DE0BA /* Build configuration list for PBXProject "AIProject" */;
			developmentRegion = en;
			hasScannedForEncodings = 0;
			knownRegions = (
				en,
				Base,
			);
			mainGroup = B7B03FFA2E387FCF005DE0BA;
			minimizedProjectReferenceProxies = 1;
			packageReferences = (
				A9F6C9F02E4465FE005D88E2 /* XCRemoteSwiftPackageReference "swift-async-algorithms" */,
				B75D1B1B2E4597D3006839B5 /* XCRemoteSwiftPackageReference "firebase-ios-sdk" */,
			);
			preferredProjectObjectVersion = 77;
			productRefGroup = B7B040042E387FCF005DE0BA /* Products */;
			projectDirPath = "";
			projectRoot = "";
			targets = (
				B7B040022E387FCF005DE0BA /* AIProject */,
				B7B040142E387FD1005DE0BA /* AIProjectTests */,
				A9E84AC52E5CC21400216220 /* CoinWidgetExtension */,
			);
		};
/* End PBXProject section */

/* Begin PBXResourcesBuildPhase section */
		A9E84AC42E5CC21400216220 /* Resources */ = {
			isa = PBXResourcesBuildPhase;
			buildActionMask = 2147483647;
			files = (
			);
			runOnlyForDeploymentPostprocessing = 0;
		};
		B7B040012E387FCF005DE0BA /* Resources */ = {
			isa = PBXResourcesBuildPhase;
			buildActionMask = 2147483647;
			files = (
				A9C265DA2E40B11D00C987E5 /* Secrets.xcconfig in Resources */,
			);
			runOnlyForDeploymentPostprocessing = 0;
		};
		B7B040132E387FD1005DE0BA /* Resources */ = {
			isa = PBXResourcesBuildPhase;
			buildActionMask = 2147483647;
			files = (
				A9C265DB2E40B12500C987E5 /* Secrets.xcconfig in Resources */,
			);
			runOnlyForDeploymentPostprocessing = 0;
		};
/* End PBXResourcesBuildPhase section */

/* Begin PBXShellScriptBuildPhase section */
		B75D1FD22E45C153006839B5 /* ShellScript */ = {
			isa = PBXShellScriptBuildPhase;
			buildActionMask = 8;
			files = (
			);
			inputFileListPaths = (
			);
			inputPaths = (
				"${DWARF_DSYM_FOLDER_PATH}/${DWARF_DSYM_FILE_NAME}",
				"${DWARF_DSYM_FOLDER_PATH}/${DWARF_DSYM_FILE_NAME}/Contents/Resources/DWARF/${PRODUCT_NAME}",
				"${DWARF_DSYM_FOLDER_PATH}/${DWARF_DSYM_FILE_NAME}/Contents/Info.plist",
				"$(TARGET_BUILD_DIR)/$(UNLOCALIZED_RESOURCES_FOLDER_PATH)/GoogleService-Info.plist",
				"$(TARGET_BUILD_DIR)/$(EXECUTABLE_PATH)",
				"${DWARF_DSYM_FOLDER_PATH}/${DWARF_DSYM_FILE_NAME}/Contents/Resources/DWARF/${PRODUCT_NAME}.debug.dylib",
			);
			outputFileListPaths = (
			);
			outputPaths = (
			);
			runOnlyForDeploymentPostprocessing = 1;
			shellPath = /bin/sh;
			shellScript = "# Type a script or drag a script file from your workspace to insert its path.\nif [ \"${CONFIGURATION}\" = \"Release\" ]; then\n  \"${BUILD_DIR%/Build/*}/SourcePackages/checkouts/firebase-ios-sdk/Crashlytics/run\"\nfi\n";
		};
/* End PBXShellScriptBuildPhase section */

/* Begin PBXSourcesBuildPhase section */
		A9E84AC22E5CC21400216220 /* Sources */ = {
			isa = PBXSourcesBuildPhase;
			buildActionMask = 2147483647;
			files = (
			);
			runOnlyForDeploymentPostprocessing = 0;
		};
		B7B03FFF2E387FCF005DE0BA /* Sources */ = {
			isa = PBXSourcesBuildPhase;
			buildActionMask = 2147483647;
			files = (
			);
			runOnlyForDeploymentPostprocessing = 0;
		};
		B7B040112E387FD1005DE0BA /* Sources */ = {
			isa = PBXSourcesBuildPhase;
			buildActionMask = 2147483647;
			files = (
			);
			runOnlyForDeploymentPostprocessing = 0;
		};
/* End PBXSourcesBuildPhase section */

/* Begin PBXTargetDependency section */
		A9E84AD62E5CC21500216220 /* PBXTargetDependency */ = {
			isa = PBXTargetDependency;
			target = A9E84AC52E5CC21400216220 /* CoinWidgetExtension */;
			targetProxy = A9E84AD52E5CC21500216220 /* PBXContainerItemProxy */;
		};
		B7B040172E387FD1005DE0BA /* PBXTargetDependency */ = {
			isa = PBXTargetDependency;
			target = B7B040022E387FCF005DE0BA /* AIProject */;
			targetProxy = B7B040162E387FD1005DE0BA /* PBXContainerItemProxy */;
		};
/* End PBXTargetDependency section */

/* Begin XCBuildConfiguration section */
		A9E84AD92E5CC21500216220 /* Debug */ = {
			isa = XCBuildConfiguration;
			buildSettings = {
				ASSETCATALOG_COMPILER_GLOBAL_ACCENT_COLOR_NAME = AccentColor;
				ASSETCATALOG_COMPILER_WIDGET_BACKGROUND_COLOR_NAME = WidgetBackground;
				CODE_SIGN_ENTITLEMENTS = CoinWidgetExtension.entitlements;
				"CODE_SIGN_IDENTITY[sdk=iphoneos*]" = "iPhone Developer";
				CODE_SIGN_STYLE = Manual;
				CURRENT_PROJECT_VERSION = 1;
				DEVELOPMENT_TEAM = "";
				"DEVELOPMENT_TEAM[sdk=iphoneos*]" = 7HK4Z95VZD;
				GENERATE_INFOPLIST_FILE = YES;
				INFOPLIST_FILE = CoinWidget/Info.plist;
				INFOPLIST_KEY_CFBundleDisplayName = CoinWidget;
				INFOPLIST_KEY_NSHumanReadableCopyright = "";
				IPHONEOS_DEPLOYMENT_TARGET = 17.0;
				LD_RUNPATH_SEARCH_PATHS = (
					"$(inherited)",
					"@executable_path/Frameworks",
					"@executable_path/../../Frameworks",
				);
				MARKETING_VERSION = 1.0;
				PRODUCT_BUNDLE_IDENTIFIER = com.est.aico.widget;
				PRODUCT_NAME = "$(TARGET_NAME)";
				PROVISIONING_PROFILE_SPECIFIER = "";
				"PROVISIONING_PROFILE_SPECIFIER[sdk=iphoneos*]" = aicoprovisioningwidget;
				SKIP_INSTALL = YES;
				SWIFT_EMIT_LOC_STRINGS = YES;
				SWIFT_VERSION = 5.0;
				TARGETED_DEVICE_FAMILY = "1,2";
			};
			name = Debug;
		};
		A9E84ADA2E5CC21500216220 /* Release */ = {
			isa = XCBuildConfiguration;
			buildSettings = {
				ASSETCATALOG_COMPILER_GLOBAL_ACCENT_COLOR_NAME = AccentColor;
				ASSETCATALOG_COMPILER_WIDGET_BACKGROUND_COLOR_NAME = WidgetBackground;
				CODE_SIGN_ENTITLEMENTS = CoinWidgetExtension.entitlements;
				"CODE_SIGN_IDENTITY[sdk=iphoneos*]" = "iPhone Developer";
				CODE_SIGN_STYLE = Manual;
				CURRENT_PROJECT_VERSION = 1;
				DEVELOPMENT_TEAM = "";
				"DEVELOPMENT_TEAM[sdk=iphoneos*]" = 7HK4Z95VZD;
				GENERATE_INFOPLIST_FILE = YES;
				INFOPLIST_FILE = CoinWidget/Info.plist;
				INFOPLIST_KEY_CFBundleDisplayName = CoinWidget;
				INFOPLIST_KEY_NSHumanReadableCopyright = "";
				IPHONEOS_DEPLOYMENT_TARGET = 17.0;
				LD_RUNPATH_SEARCH_PATHS = (
					"$(inherited)",
					"@executable_path/Frameworks",
					"@executable_path/../../Frameworks",
				);
				MARKETING_VERSION = 1.0;
				PRODUCT_BUNDLE_IDENTIFIER = com.est.aico.widget;
				PRODUCT_NAME = "$(TARGET_NAME)";
				PROVISIONING_PROFILE_SPECIFIER = "";
				"PROVISIONING_PROFILE_SPECIFIER[sdk=iphoneos*]" = aicoprovisioningwidget;
				SKIP_INSTALL = YES;
				SWIFT_EMIT_LOC_STRINGS = YES;
				SWIFT_VERSION = 5.0;
				TARGETED_DEVICE_FAMILY = "1,2";
			};
			name = Release;
		};
		B7B040272E387FD1005DE0BA /* Debug */ = {
			isa = XCBuildConfiguration;
			baseConfigurationReference = A9C265D92E40B11D00C987E5 /* Secrets.xcconfig */;
			buildSettings = {
				ALWAYS_SEARCH_USER_PATHS = NO;
				ASSETCATALOG_COMPILER_GENERATE_SWIFT_ASSET_SYMBOL_EXTENSIONS = YES;
				CLANG_ANALYZER_NONNULL = YES;
				CLANG_ANALYZER_NUMBER_OBJECT_CONVERSION = YES_AGGRESSIVE;
				CLANG_CXX_LANGUAGE_STANDARD = "gnu++20";
				CLANG_ENABLE_MODULES = YES;
				CLANG_ENABLE_OBJC_ARC = YES;
				CLANG_ENABLE_OBJC_WEAK = YES;
				CLANG_WARN_BLOCK_CAPTURE_AUTORELEASING = YES;
				CLANG_WARN_BOOL_CONVERSION = YES;
				CLANG_WARN_COMMA = YES;
				CLANG_WARN_CONSTANT_CONVERSION = YES;
				CLANG_WARN_DEPRECATED_OBJC_IMPLEMENTATIONS = YES;
				CLANG_WARN_DIRECT_OBJC_ISA_USAGE = YES_ERROR;
				CLANG_WARN_DOCUMENTATION_COMMENTS = YES;
				CLANG_WARN_EMPTY_BODY = YES;
				CLANG_WARN_ENUM_CONVERSION = YES;
				CLANG_WARN_INFINITE_RECURSION = YES;
				CLANG_WARN_INT_CONVERSION = YES;
				CLANG_WARN_NON_LITERAL_NULL_CONVERSION = YES;
				CLANG_WARN_OBJC_IMPLICIT_RETAIN_SELF = YES;
				CLANG_WARN_OBJC_LITERAL_CONVERSION = YES;
				CLANG_WARN_OBJC_ROOT_CLASS = YES_ERROR;
				CLANG_WARN_QUOTED_INCLUDE_IN_FRAMEWORK_HEADER = YES;
				CLANG_WARN_RANGE_LOOP_ANALYSIS = YES;
				CLANG_WARN_STRICT_PROTOTYPES = YES;
				CLANG_WARN_SUSPICIOUS_MOVE = YES;
				CLANG_WARN_UNGUARDED_AVAILABILITY = YES_AGGRESSIVE;
				CLANG_WARN_UNREACHABLE_CODE = YES;
				CLANG_WARN__DUPLICATE_METHOD_MATCH = YES;
				COPY_PHASE_STRIP = NO;
				DEBUG_INFORMATION_FORMAT = dwarf;
				DEVELOPMENT_TEAM = SJDR485DTV;
				ENABLE_DEBUG_DYLIB = YES;
				ENABLE_STRICT_OBJC_MSGSEND = YES;
				ENABLE_TESTABILITY = YES;
				ENABLE_USER_SCRIPT_SANDBOXING = YES;
				GCC_C_LANGUAGE_STANDARD = gnu17;
				GCC_DYNAMIC_NO_PIC = NO;
				GCC_NO_COMMON_BLOCKS = YES;
				GCC_OPTIMIZATION_LEVEL = 0;
				GCC_PREPROCESSOR_DEFINITIONS = (
					"DEBUG=1",
					"$(inherited)",
				);
				GCC_WARN_64_TO_32_BIT_CONVERSION = YES;
				GCC_WARN_ABOUT_RETURN_TYPE = YES_ERROR;
				GCC_WARN_UNDECLARED_SELECTOR = YES;
				GCC_WARN_UNINITIALIZED_AUTOS = YES_AGGRESSIVE;
				GCC_WARN_UNUSED_FUNCTION = YES;
				GCC_WARN_UNUSED_VARIABLE = YES;
				IPHONEOS_DEPLOYMENT_TARGET = 18.4;
				LOCALIZATION_PREFERS_STRING_CATALOGS = YES;
				MTL_ENABLE_DEBUG_INFO = INCLUDE_SOURCE;
				MTL_FAST_MATH = YES;
				ONLY_ACTIVE_ARCH = YES;
				SDKROOT = iphoneos;
				SWIFT_ACTIVE_COMPILATION_CONDITIONS = "DEBUG $(inherited)";
				SWIFT_OPTIMIZATION_LEVEL = "-Onone";
			};
			name = Debug;
		};
		B7B040282E387FD1005DE0BA /* Release */ = {
			isa = XCBuildConfiguration;
			baseConfigurationReference = A9C265D92E40B11D00C987E5 /* Secrets.xcconfig */;
			buildSettings = {
				ALWAYS_SEARCH_USER_PATHS = NO;
				ASSETCATALOG_COMPILER_GENERATE_SWIFT_ASSET_SYMBOL_EXTENSIONS = YES;
				CLANG_ANALYZER_NONNULL = YES;
				CLANG_ANALYZER_NUMBER_OBJECT_CONVERSION = YES_AGGRESSIVE;
				CLANG_CXX_LANGUAGE_STANDARD = "gnu++20";
				CLANG_ENABLE_MODULES = YES;
				CLANG_ENABLE_OBJC_ARC = YES;
				CLANG_ENABLE_OBJC_WEAK = YES;
				CLANG_WARN_BLOCK_CAPTURE_AUTORELEASING = YES;
				CLANG_WARN_BOOL_CONVERSION = YES;
				CLANG_WARN_COMMA = YES;
				CLANG_WARN_CONSTANT_CONVERSION = YES;
				CLANG_WARN_DEPRECATED_OBJC_IMPLEMENTATIONS = YES;
				CLANG_WARN_DIRECT_OBJC_ISA_USAGE = YES_ERROR;
				CLANG_WARN_DOCUMENTATION_COMMENTS = YES;
				CLANG_WARN_EMPTY_BODY = YES;
				CLANG_WARN_ENUM_CONVERSION = YES;
				CLANG_WARN_INFINITE_RECURSION = YES;
				CLANG_WARN_INT_CONVERSION = YES;
				CLANG_WARN_NON_LITERAL_NULL_CONVERSION = YES;
				CLANG_WARN_OBJC_IMPLICIT_RETAIN_SELF = YES;
				CLANG_WARN_OBJC_LITERAL_CONVERSION = YES;
				CLANG_WARN_OBJC_ROOT_CLASS = YES_ERROR;
				CLANG_WARN_QUOTED_INCLUDE_IN_FRAMEWORK_HEADER = YES;
				CLANG_WARN_RANGE_LOOP_ANALYSIS = YES;
				CLANG_WARN_STRICT_PROTOTYPES = YES;
				CLANG_WARN_SUSPICIOUS_MOVE = YES;
				CLANG_WARN_UNGUARDED_AVAILABILITY = YES_AGGRESSIVE;
				CLANG_WARN_UNREACHABLE_CODE = YES;
				CLANG_WARN__DUPLICATE_METHOD_MATCH = YES;
				COPY_PHASE_STRIP = NO;
				DEBUG_INFORMATION_FORMAT = "dwarf-with-dsym";
				DEVELOPMENT_TEAM = SJDR485DTV;
				ENABLE_DEBUG_DYLIB = YES;
				ENABLE_NS_ASSERTIONS = NO;
				ENABLE_STRICT_OBJC_MSGSEND = YES;
				ENABLE_USER_SCRIPT_SANDBOXING = YES;
				GCC_C_LANGUAGE_STANDARD = gnu17;
				GCC_NO_COMMON_BLOCKS = YES;
				GCC_WARN_64_TO_32_BIT_CONVERSION = YES;
				GCC_WARN_ABOUT_RETURN_TYPE = YES_ERROR;
				GCC_WARN_UNDECLARED_SELECTOR = YES;
				GCC_WARN_UNINITIALIZED_AUTOS = YES_AGGRESSIVE;
				GCC_WARN_UNUSED_FUNCTION = YES;
				GCC_WARN_UNUSED_VARIABLE = YES;
				IPHONEOS_DEPLOYMENT_TARGET = 18.4;
				LOCALIZATION_PREFERS_STRING_CATALOGS = YES;
				MTL_ENABLE_DEBUG_INFO = NO;
				MTL_FAST_MATH = YES;
				SDKROOT = iphoneos;
				SWIFT_COMPILATION_MODE = wholemodule;
				VALIDATE_PRODUCT = YES;
			};
			name = Release;
		};
		B7B0402A2E387FD1005DE0BA /* Debug */ = {
			isa = XCBuildConfiguration;
			baseConfigurationReference = A9C265D92E40B11D00C987E5 /* Secrets.xcconfig */;
			buildSettings = {
				ASSETCATALOG_COMPILER_APPICON_NAME = AppIcon;
				ASSETCATALOG_COMPILER_GLOBAL_ACCENT_COLOR_NAME = AccentColor;
				CODE_SIGN_IDENTITY = "Apple Development";
				CODE_SIGN_STYLE = Automatic;
				CURRENT_PROJECT_VERSION = 1;
				DEBUG_INFORMATION_FORMAT = "dwarf-with-dsym";
				DEVELOPMENT_TEAM = "";
				"DEVELOPMENT_TEAM[sdk=iphoneos*]" = 7HK4Z95VZD;
				ENABLE_PREVIEWS = YES;
				GENERATE_INFOPLIST_FILE = YES;
				INFOPLIST_FILE = AIProject/App/Resource/Info.plist;
				INFOPLIST_KEY_CFBundleDisplayName = "아이코";
				INFOPLIST_KEY_UIApplicationSceneManifest_Generation = YES;
				INFOPLIST_KEY_UIApplicationSupportsIndirectInputEvents = YES;
				INFOPLIST_KEY_UILaunchScreen_Generation = YES;
				INFOPLIST_KEY_UILaunchStoryboardName = "Launch Screen";
				INFOPLIST_KEY_UISupportedInterfaceOrientations = UIInterfaceOrientationPortrait;
				INFOPLIST_KEY_UISupportedInterfaceOrientations_iPad = "UIInterfaceOrientationLandscapeLeft UIInterfaceOrientationLandscapeRight UIInterfaceOrientationPortrait UIInterfaceOrientationPortraitUpsideDown";
				IPHONEOS_DEPLOYMENT_TARGET = 17.0;
				LD_RUNPATH_SEARCH_PATHS = (
					"$(inherited)",
					"@executable_path/Frameworks",
				);
				MARKETING_VERSION = 1.0;
				OTHER_LDFLAGS = "-ObjC";
				PRODUCT_BUNDLE_IDENTIFIER = com.est.aico;
				PRODUCT_NAME = "$(TARGET_NAME)";
				PROVISIONING_PROFILE_SPECIFIER = "";
				SWIFT_EMIT_LOC_STRINGS = YES;
				SWIFT_VERSION = 5.0;
				TARGETED_DEVICE_FAMILY = "1,2";
			};
			name = Debug;
		};
		B7B0402B2E387FD1005DE0BA /* Release */ = {
			isa = XCBuildConfiguration;
			baseConfigurationReference = A9C265D92E40B11D00C987E5 /* Secrets.xcconfig */;
			buildSettings = {
				ASSETCATALOG_COMPILER_APPICON_NAME = AppIcon;
				ASSETCATALOG_COMPILER_GLOBAL_ACCENT_COLOR_NAME = AccentColor;
				CODE_SIGN_IDENTITY = "Apple Development";
				CODE_SIGN_STYLE = Automatic;
				CURRENT_PROJECT_VERSION = 1;
				DEVELOPMENT_TEAM = "";
				"DEVELOPMENT_TEAM[sdk=iphoneos*]" = 7HK4Z95VZD;
				ENABLE_PREVIEWS = YES;
				GENERATE_INFOPLIST_FILE = YES;
				INFOPLIST_FILE = AIProject/App/Resource/Info.plist;
				INFOPLIST_KEY_CFBundleDisplayName = "아이코";
				INFOPLIST_KEY_UIApplicationSceneManifest_Generation = YES;
				INFOPLIST_KEY_UIApplicationSupportsIndirectInputEvents = YES;
				INFOPLIST_KEY_UILaunchScreen_Generation = YES;
				INFOPLIST_KEY_UILaunchStoryboardName = "Launch Screen";
				INFOPLIST_KEY_UISupportedInterfaceOrientations = UIInterfaceOrientationPortrait;
				INFOPLIST_KEY_UISupportedInterfaceOrientations_iPad = "UIInterfaceOrientationLandscapeLeft UIInterfaceOrientationLandscapeRight UIInterfaceOrientationPortrait UIInterfaceOrientationPortraitUpsideDown";
				IPHONEOS_DEPLOYMENT_TARGET = 17.0;
				LD_RUNPATH_SEARCH_PATHS = (
					"$(inherited)",
					"@executable_path/Frameworks",
				);
				MARKETING_VERSION = 1.0;
				OTHER_LDFLAGS = "-ObjC";
				PRODUCT_BUNDLE_IDENTIFIER = com.est.aico;
				PRODUCT_NAME = "$(TARGET_NAME)";
				PROVISIONING_PROFILE_SPECIFIER = "";
				SWIFT_EMIT_LOC_STRINGS = YES;
				SWIFT_VERSION = 5.0;
				TARGETED_DEVICE_FAMILY = "1,2";
			};
			name = Release;
		};
		B7B0402D2E387FD1005DE0BA /* Debug */ = {
			isa = XCBuildConfiguration;
			baseConfigurationReference = A9C265D92E40B11D00C987E5 /* Secrets.xcconfig */;
			buildSettings = {
				BUNDLE_LOADER = "$(TEST_HOST)";
				CODE_SIGN_STYLE = Automatic;
				CURRENT_PROJECT_VERSION = 1;
				DEVELOPMENT_TEAM = SJDR485DTV;
				GENERATE_INFOPLIST_FILE = YES;
				IPHONEOS_DEPLOYMENT_TARGET = 17.0;
				MARKETING_VERSION = 1.0;
				PRODUCT_BUNDLE_IDENTIFIER = com.est.ai.AIProjectTests;
				PRODUCT_NAME = "$(TARGET_NAME)";
				SUPPORTED_PLATFORMS = "iphoneos iphonesimulator";
				SUPPORTS_MACCATALYST = NO;
				SUPPORTS_MAC_DESIGNED_FOR_IPHONE_IPAD = YES;
				SUPPORTS_XR_DESIGNED_FOR_IPHONE_IPAD = NO;
				SWIFT_EMIT_LOC_STRINGS = NO;
				SWIFT_VERSION = 5.0;
				TARGETED_DEVICE_FAMILY = "1,2";
				TEST_HOST = "$(BUILT_PRODUCTS_DIR)/AIProject.app/$(BUNDLE_EXECUTABLE_FOLDER_PATH)/AIProject";
			};
			name = Debug;
		};
		B7B0402E2E387FD1005DE0BA /* Release */ = {
			isa = XCBuildConfiguration;
			baseConfigurationReference = A9C265D92E40B11D00C987E5 /* Secrets.xcconfig */;
			buildSettings = {
				BUNDLE_LOADER = "$(TEST_HOST)";
				CODE_SIGN_STYLE = Automatic;
				CURRENT_PROJECT_VERSION = 1;
				DEVELOPMENT_TEAM = SJDR485DTV;
				GENERATE_INFOPLIST_FILE = YES;
				IPHONEOS_DEPLOYMENT_TARGET = 17.0;
				MARKETING_VERSION = 1.0;
				PRODUCT_BUNDLE_IDENTIFIER = com.est.ai.AIProjectTests;
				PRODUCT_NAME = "$(TARGET_NAME)";
				SUPPORTED_PLATFORMS = "iphoneos iphonesimulator";
				SUPPORTS_MACCATALYST = NO;
				SUPPORTS_MAC_DESIGNED_FOR_IPHONE_IPAD = YES;
				SUPPORTS_XR_DESIGNED_FOR_IPHONE_IPAD = NO;
				SWIFT_EMIT_LOC_STRINGS = NO;
				SWIFT_VERSION = 5.0;
				TARGETED_DEVICE_FAMILY = "1,2";
				TEST_HOST = "$(BUILT_PRODUCTS_DIR)/AIProject.app/$(BUNDLE_EXECUTABLE_FOLDER_PATH)/AIProject";
			};
			name = Release;
		};
/* End XCBuildConfiguration section */

/* Begin XCConfigurationList section */
		A9E84ADB2E5CC21500216220 /* Build configuration list for PBXNativeTarget "CoinWidgetExtension" */ = {
			isa = XCConfigurationList;
			buildConfigurations = (
				A9E84AD92E5CC21500216220 /* Debug */,
				A9E84ADA2E5CC21500216220 /* Release */,
			);
			defaultConfigurationIsVisible = 0;
			defaultConfigurationName = Release;
		};
		B7B03FFE2E387FCF005DE0BA /* Build configuration list for PBXProject "AIProject" */ = {
			isa = XCConfigurationList;
			buildConfigurations = (
				B7B040272E387FD1005DE0BA /* Debug */,
				B7B040282E387FD1005DE0BA /* Release */,
			);
			defaultConfigurationIsVisible = 0;
			defaultConfigurationName = Release;
		};
		B7B040292E387FD1005DE0BA /* Build configuration list for PBXNativeTarget "AIProject" */ = {
			isa = XCConfigurationList;
			buildConfigurations = (
				B7B0402A2E387FD1005DE0BA /* Debug */,
				B7B0402B2E387FD1005DE0BA /* Release */,
			);
			defaultConfigurationIsVisible = 0;
			defaultConfigurationName = Release;
		};
		B7B0402C2E387FD1005DE0BA /* Build configuration list for PBXNativeTarget "AIProjectTests" */ = {
			isa = XCConfigurationList;
			buildConfigurations = (
				B7B0402D2E387FD1005DE0BA /* Debug */,
				B7B0402E2E387FD1005DE0BA /* Release */,
			);
			defaultConfigurationIsVisible = 0;
			defaultConfigurationName = Release;
		};
/* End XCConfigurationList section */

/* Begin XCRemoteSwiftPackageReference section */
		A9F6C9F02E4465FE005D88E2 /* XCRemoteSwiftPackageReference "swift-async-algorithms" */ = {
			isa = XCRemoteSwiftPackageReference;
			repositoryURL = "https://github.com/apple/swift-async-algorithms.git";
			requirement = {
				kind = upToNextMajorVersion;
				minimumVersion = 1.0.4;
			};
		};
		B75D1B1B2E4597D3006839B5 /* XCRemoteSwiftPackageReference "firebase-ios-sdk" */ = {
			isa = XCRemoteSwiftPackageReference;
			repositoryURL = "https://github.com/firebase/firebase-ios-sdk";
			requirement = {
				kind = upToNextMajorVersion;
				minimumVersion = 12.1.0;
			};
		};
/* End XCRemoteSwiftPackageReference section */

/* Begin XCSwiftPackageProductDependency section */
		A9F6C9F12E4465FE005D88E2 /* AsyncAlgorithms */ = {
			isa = XCSwiftPackageProductDependency;
			package = A9F6C9F02E4465FE005D88E2 /* XCRemoteSwiftPackageReference "swift-async-algorithms" */;
			productName = AsyncAlgorithms;
		};
		B75D1B1D2E4597FC006839B5 /* FirebaseAnalytics */ = {
			isa = XCSwiftPackageProductDependency;
			package = B75D1B1B2E4597D3006839B5 /* XCRemoteSwiftPackageReference "firebase-ios-sdk" */;
			productName = FirebaseAnalytics;
		};
		B75D1B1F2E459806006839B5 /* FirebaseCrashlytics */ = {
			isa = XCSwiftPackageProductDependency;
			package = B75D1B1B2E4597D3006839B5 /* XCRemoteSwiftPackageReference "firebase-ios-sdk" */;
			productName = FirebaseCrashlytics;
		};
/* End XCSwiftPackageProductDependency section */
	};
	rootObject = B7B03FFB2E387FCF005DE0BA /* Project object */;
}
